
Microsoft Visual Studio Solution File, Format Version 12.00
# Visual Studio Version 16
VisualStudioVersion = 16.0.809.7
MinimumVisualStudioVersion = 10.0.40219.1
Project("{FAE04EC0-301F-11D3-BF4B-00C04F79EFBC}") = "C_Sharp_Calc", "C_Sharp_Calc\C_Sharp_Calc.csproj", "{F328D205-2F9A-458B-9418-06FF646FC0F9}"
EndProject
Global
	GlobalSection(SolutionConfigurationPlatforms) = preSolution
		Debug|Any CPU = Debug|Any CPU
		Release|Any CPU = Release|Any CPU
	EndGlobalSection
	GlobalSection(ProjectConfigurationPlatforms) = postSolution
		{F328D205-2F9A-458B-9418-06FF646FC0F9}.Debug|Any CPU.ActiveCfg = Debug|Any CPU
		{F328D205-2F9A-458B-9418-06FF646FC0F9}.Debug|Any CPU.Build.0 = Debug|Any CPU
		{F328D205-2F9A-458B-9418-06FF646FC0F9}.Release|Any CPU.ActiveCfg = Release|Any CPU
		{F328D205-2F9A-458B-9418-06FF646FC0F9}.Release|Any CPU.Build.0 = Release|Any CPU
	EndGlobalSection
	GlobalSection(SolutionProperties) = preSolution
		HideSolutionNode = FALSE
	EndGlobalSection
	GlobalSection(ExtensibilityGlobals) = postSolution
		SolutionGuid = {700CA473-6D4B-4525-AD4B-3F1F6A41D0B7}
	EndGlobalSection
EndGlobal
